Microsoft Visual Studio Solution File, Format Version 12.00
# Visual Studio 14
VisualStudioVersion = 14.0.25420.1
MinimumVisualStudioVersion = 10.0.40219.1
Project("{FAE04EC0-301F-11D3-BF4B-00C04F79EFBC}") = "Decision.DataLayer", "src\Decision.DataLayer\Decision.DataLayer.csproj", "{A5AD7839-9524-4896-9009-97F1C45F7578}"
EndProject
Project("{FAE04EC0-301F-11D3-BF4B-00C04F79EFBC}") = "Decision.DomainClasses", "src\Decision.DomainClasses\Decision.DomainClasses.csproj", "{72B9849F-931A-40C0-B11E-44324CD46250}"
EndProject
Project("{FAE04EC0-301F-11D3-BF4B-00C04F79EFBC}") = "Decision.Web", "src\Decision.Web\Decision.Web.csproj", "{AC08EEA8-F1E8-45EE-8361-40FDA6ACA512}"
EndProject
Project("{FAE04EC0-301F-11D3-BF4B-00C04F79EFBC}") = "ScannerService", "src\ScannerApi\ScannerService.csproj", "{ED227675-689B-49BD-A38F-85CF659E2FA2}"
EndProject
Project("{2150E333-8FDC-42A3-9474-1A3956D46DE8}") = "Tests", "Tests", "{AD0FBD07-1D87-41F3-B59B-B9A1C18AEBB1}"
EndProject
Project("{2150E333-8FDC-42A3-9474-1A3956D46DE8}") = "Solution Items", "Solution Items", "{01FBDED3-BD96-42A9-B595-1AC4569377AC}"
	ProjectSection(SolutionItems) = preProject
		src\Decision.Models\Decision.ViewModels.csproj = src\Decision.Models\Decision.ViewModels.csproj
		Local.testsettings = Local.testsettings
	EndProjectSection
EndProject
Project("{FAE04EC0-301F-11D3-BF4B-00C04F79EFBC}") = "Decision.UnitTests", "src\Decision.UnitTests\Decision.UnitTests.csproj", "{C49BA03E-A305-404B-988F-8B88ECB4E4DD}"
EndProject
Project("{FAE04EC0-301F-11D3-BF4B-00C04F79EFBC}") = "Decision.PerformanceTests", "src\Decision.PerformanceTests\Decision.PerformanceTests.csproj", "{72A44059-91B5-4110-9398-91065F816848}"
EndProject
Project("{FAE04EC0-301F-11D3-BF4B-00C04F79EFBC}") = "Decision.IntegrationTests", "src\Decision.IntegrationTests\Decision.IntegrationTests.csproj", "{8632F6F6-E97C-41E0-9AAF-1BE1DDF31A2E}"
EndProject
Project("{FAE04EC0-301F-11D3-BF4B-00C04F79EFBC}") = "Decision.ServiceLayer", "src\Decision.ServiceLayer\Decision.ServiceLayer.csproj", "{A3151FC4-6C88-4323-858A-9AA522D54BC2}"
EndProject
Project("{2150E333-8FDC-42A3-9474-1A3956D46DE8}") = "Tools", "Tools", "{A8F1979B-964D-4251-BE2F-22F17A2CD085}"
EndProject
Project("{FAE04EC0-301F-11D3-BF4B-00C04F79EFBC}") = "Decision.Resources", "src\Decision.Resources\Decision.Resources.csproj", "{D1BD7FF4-26D1-44AA-BBF2-513012CA842D}"
EndProject
Project("{FAE04EC0-301F-11D3-BF4B-00C04F79EFBC}") = "Decision.Framework", "src\Decision.Framework\Decision.Framework.csproj", "{795B21DF-4BE9-444D-BCC4-674144D560D2}"
EndProject
Project("{FAE04EC0-301F-11D3-BF4B-00C04F79EFBC}") = "Decision.ViewModels", "src\Decision.ViewModels\Decision.ViewModels.csproj", "{51986C43-DB68-4A80-AE14-4FFD7A9E91A4}"
EndProject
Global
	GlobalSection(SolutionConfigurationPlatforms) = preSolution
		Debug|Any CPU = Debug|Any CPU
		Release|Any CPU = Release|Any CPU
	EndGlobalSection
	GlobalSection(ProjectConfigurationPlatforms) = postSolution
		{A5AD7839-9524-4896-9009-97F1C45F7578}.Debug|Any CPU.ActiveCfg = Debug|Any CPU
		{A5AD7839-9524-4896-9009-97F1C45F7578}.Debug|Any CPU.Build.0 = Debug|Any CPU
		{A5AD7839-9524-4896-9009-97F1C45F7578}.Release|Any CPU.ActiveCfg = Release|Any CPU
		{A5AD7839-9524-4896-9009-97F1C45F7578}.Release|Any CPU.Build.0 = Release|Any CPU
		{72B9849F-931A-40C0-B11E-44324CD46250}.Debug|Any CPU.ActiveCfg = Debug|Any CPU
		{72B9849F-931A-40C0-B11E-44324CD46250}.Debug|Any CPU.Build.0 = Debug|Any CPU
		{72B9849F-931A-40C0-B11E-44324CD46250}.Release|Any CPU.ActiveCfg = Release|Any CPU
		{72B9849F-931A-40C0-B11E-44324CD46250}.Release|Any CPU.Build.0 = Release|Any CPU
		{AC08EEA8-F1E8-45EE-8361-40FDA6ACA512}.Debug|Any CPU.ActiveCfg = Debug|Any CPU
		{AC08EEA8-F1E8-45EE-8361-40FDA6ACA512}.Debug|Any CPU.Build.0 = Debug|Any CPU
		{AC08EEA8-F1E8-45EE-8361-40FDA6ACA512}.Release|Any CPU.ActiveCfg = Release|Any CPU
		{AC08EEA8-F1E8-45EE-8361-40FDA6ACA512}.Release|Any CPU.Build.0 = Release|Any CPU
		{ED227675-689B-49BD-A38F-85CF659E2FA2}.Debug|Any CPU.ActiveCfg = Debug|Any CPU
		{ED227675-689B-49BD-A38F-85CF659E2FA2}.Debug|Any CPU.Build.0 = Debug|Any CPU
		{ED227675-689B-49BD-A38F-85CF659E2FA2}.Release|Any CPU.ActiveCfg = Release|Any CPU
		{ED227675-689B-49BD-A38F-85CF659E2FA2}.Release|Any CPU.Build.0 = Release|Any CPU
		{C49BA03E-A305-404B-988F-8B88ECB4E4DD}.Debug|Any CPU.ActiveCfg = Debug|Any CPU
		{C49BA03E-A305-404B-988F-8B88ECB4E4DD}.Debug|Any CPU.Build.0 = Debug|Any CPU
		{C49BA03E-A305-404B-988F-8B88ECB4E4DD}.Release|Any CPU.ActiveCfg = Release|Any CPU
		{C49BA03E-A305-404B-988F-8B88ECB4E4DD}.Release|Any CPU.Build.0 = Release|Any CPU
		{72A44059-91B5-4110-9398-91065F816848}.Debug|Any CPU.ActiveCfg = Debug|Any CPU
		{72A44059-91B5-4110-9398-91065F816848}.Debug|Any CPU.Build.0 = Debug|Any CPU
		{72A44059-91B5-4110-9398-91065F816848}.Release|Any CPU.ActiveCfg = Release|Any CPU
		{72A44059-91B5-4110-9398-91065F816848}.Release|Any CPU.Build.0 = Release|Any CPU
		{8632F6F6-E97C-41E0-9AAF-1BE1DDF31A2E}.Debug|Any CPU.ActiveCfg = Debug|Any CPU
		{8632F6F6-E97C-41E0-9AAF-1BE1DDF31A2E}.Debug|Any CPU.Build.0 = Debug|Any CPU
		{8632F6F6-E97C-41E0-9AAF-1BE1DDF31A2E}.Release|Any CPU.ActiveCfg = Release|Any CPU
		{8632F6F6-E97C-41E0-9AAF-1BE1DDF31A2E}.Release|Any CPU.Build.0 = Release|Any CPU
		{A3151FC4-6C88-4323-858A-9AA522D54BC2}.Debug|Any CPU.ActiveCfg = Debug|Any CPU
		{A3151FC4-6C88-4323-858A-9AA522D54BC2}.Debug|Any CPU.Build.0 = Debug|Any CPU
		{A3151FC4-6C88-4323-858A-9AA522D54BC2}.Release|Any CPU.ActiveCfg = Release|Any CPU
		{A3151FC4-6C88-4323-858A-9AA522D54BC2}.Release|Any CPU.Build.0 = Release|Any CPU
		{D1BD7FF4-26D1-44AA-BBF2-513012CA842D}.Debug|Any CPU.ActiveCfg = Debug|Any CPU
		{D1BD7FF4-26D1-44AA-BBF2-513012CA842D}.Debug|Any CPU.Build.0 = Debug|Any CPU
		{D1BD7FF4-26D1-44AA-BBF2-513012CA842D}.Release|Any CPU.ActiveCfg = Release|Any CPU
		{D1BD7FF4-26D1-44AA-BBF2-513012CA842D}.Release|Any CPU.Build.0 = Release|Any CPU
		{795B21DF-4BE9-444D-BCC4-674144D560D2}.Debug|Any CPU.ActiveCfg = Debug|Any CPU
		{795B21DF-4BE9-444D-BCC4-674144D560D2}.Debug|Any CPU.Build.0 = Debug|Any CPU
		{795B21DF-4BE9-444D-BCC4-674144D560D2}.Release|Any CPU.ActiveCfg = Release|Any CPU
		{795B21DF-4BE9-444D-BCC4-674144D560D2}.Release|Any CPU.Build.0 = Release|Any CPU
		{51986C43-DB68-4A80-AE14-4FFD7A9E91A4}.Debug|Any CPU.ActiveCfg = Debug|Any CPU
		{51986C43-DB68-4A80-AE14-4FFD7A9E91A4}.Debug|Any CPU.Build.0 = Debug|Any CPU
		{51986C43-DB68-4A80-AE14-4FFD7A9E91A4}.Release|Any CPU.ActiveCfg = Release|Any CPU
		{51986C43-DB68-4A80-AE14-4FFD7A9E91A4}.Release|Any CPU.Build.0 = Release|Any CPU
	EndGlobalSection
	GlobalSection(SolutionProperties) = preSolution
		HideSolutionNode = FALSE
	EndGlobalSection
	GlobalSection(NestedProjects) = preSolution
		{ED227675-689B-49BD-A38F-85CF659E2FA2} = {A8F1979B-964D-4251-BE2F-22F17A2CD085}
		{01FBDED3-BD96-42A9-B595-1AC4569377AC} = {AD0FBD07-1D87-41F3-B59B-B9A1C18AEBB1}
		{C49BA03E-A305-404B-988F-8B88ECB4E4DD} = {AD0FBD07-1D87-41F3-B59B-B9A1C18AEBB1}
		{72A44059-91B5-4110-9398-91065F816848} = {AD0FBD07-1D87-41F3-B59B-B9A1C18AEBB1}
		{8632F6F6-E97C-41E0-9AAF-1BE1DDF31A2E} = {AD0FBD07-1D87-41F3-B59B-B9A1C18AEBB1}
	EndGlobalSection
EndGlobal
